
Microsoft Visual Studio Solution File, Format Version 12.00
# Visual Studio 15
VisualStudioVersion = 15.0.26430.15
MinimumVisualStudioVersion = 10.0.40219.1
Project("{8BC9CEB8-8B4A-11D0-8D11-00A0C91BC942}") = "10号12题", "Project1\Project1.vcxproj", "{01FC08B6-77D6-48AC-A406-E336AEDF2B51}"
EndProject
Project("{8BC9CEB8-8B4A-11D0-8D11-00A0C91BC942}") = "10号11题", "Project2\Project2.vcxproj", "{693FD4C3-1E36-45A4-AD98-D434B59DC4A1}"
EndProject
Project("{8BC9CEB8-8B4A-11D0-8D11-00A0C91BC942}") = "10号16题", "Project3\Project3.vcxproj", "{A3A4C657-CD60-4291-B8EB-E8EE242DFE24}"
EndProject
Project("{8BC9CEB8-8B4A-11D0-8D11-00A0C91BC942}") = "11号18题", "Project4\Project4.vcxproj", "{4A667237-31A6-4927-A516-D8E5E3507D52}"
EndProject
Project("{8BC9CEB8-8B4A-11D0-8D11-00A0C91BC942}") = "11号19题", "Project5\Project5.vcxproj", "{DD99AFE5-B20F-4714-9171-C75FECB51C92}"
EndProject
Project("{8BC9CEB8-8B4A-11D0-8D11-00A0C91BC942}") = "11号20题", "Project6\Project6.vcxproj", "{A02D979F-462D-491F-AFC9-4E17F6A91F10}"
EndProject
Project("{8BC9CEB8-8B4A-11D0-8D11-00A0C91BC942}") = "11号21题", "Project7\Project7.vcxproj", "{A49151B2-7463-4DA2-85ED-D8D338BEA1C5}"
EndProject
Project("{8BC9CEB8-8B4A-11D0-8D11-00A0C91BC942}") = "11号23题", "Project8\Project8.vcxproj", "{BA6D4AB8-C464-4569-AD8C-B12216CB84BF}"
EndProject
Project("{8BC9CEB8-8B4A-11D0-8D11-00A0C91BC942}") = "13号2题", "Project9\Project9.vcxproj", "{F46B7FAB-72DF-4A8D-8E14-A9F4C5E85F15}"
EndProject
Project("{8BC9CEB8-8B4A-11D0-8D11-00A0C91BC942}") = "13号4题", "Project10\Project10.vcxproj", "{5644D9E6-5EC9-4872-A5F7-D4DCF74C964B}"
EndProject
Project("{8BC9CEB8-8B4A-11D0-8D11-00A0C91BC942}") = "13号6题", "Project11\Project11.vcxproj", "{444E29DA-0B5A-4F1D-A44D-57557874933B}"
EndProject
Project("{8BC9CEB8-8B4A-11D0-8D11-00A0C91BC942}") = "13号9题", "Project12\Project12.vcxproj", "{23F19908-1647-4C29-9791-59B76BE1242B}"
EndProject
Project("{8BC9CEB8-8B4A-11D0-8D11-00A0C91BC942}") = "测试", "Project13\Project13.vcxproj", "{09721DA7-D8F9-45F2-8B4E-89CBF32B3B79}"
EndProject
Project("{8BC9CEB8-8B4A-11D0-8D11-00A0C91BC942}") = "14号", "Project14\Project14.vcxproj", "{AD3D3CD1-E553-406A-88FD-DA1E7BEA7024}"
EndProject
Project("{8BC9CEB8-8B4A-11D0-8D11-00A0C91BC942}") = "15号10题", "Project15\Project15.vcxproj", "{AD62E22A-0253-4C76-B9C9-D1F74999B08D}"
EndProject
Project("{8BC9CEB8-8B4A-11D0-8D11-00A0C91BC942}") = "15号11题", "Project16\Project16.vcxproj", "{EA1F9235-052C-4C5C-BF3B-ACA4CE2CE261}"
EndProject
Project("{8BC9CEB8-8B4A-11D0-8D11-00A0C91BC942}") = "16号2题", "Project17\Project17.vcxproj", "{19581DBB-44AA-4F89-9CBC-BC25C64713FD}"
EndProject
Project("{8BC9CEB8-8B4A-11D0-8D11-00A0C91BC942}") = "16号3题", "Project18\Project18.vcxproj", "{0838A345-0E50-4FD6-BBD9-DEC87EF39A8F}"
EndProject
Project("{8BC9CEB8-8B4A-11D0-8D11-00A0C91BC942}") = "17号4题", "Project19\Project19.vcxproj", "{BB16F861-D180-4FC0-ABF6-CFF0B632D319}"
EndProject
Project("{8BC9CEB8-8B4A-11D0-8D11-00A0C91BC942}") = "18号", "Project20\Project20.vcxproj", "{63135282-22F4-4BCF-A2B3-C3858272C56A}"
EndProject
Project("{8BC9CEB8-8B4A-11D0-8D11-00A0C91BC942}") = "19号", "Project21\Project21.vcxproj", "{ED732A97-F080-40D3-B696-894FCFAFFDBC}"
EndProject
Project("{8BC9CEB8-8B4A-11D0-8D11-00A0C91BC942}") = "20号1题", "Project22\Project22.vcxproj", "{B0EF75D9-A48F-4227-AB2F-62EB2FD2D62E}"
EndProject
Project("{8BC9CEB8-8B4A-11D0-8D11-00A0C91BC942}") = "20号2题", "Project23\Project23.vcxproj", "{A3F54448-A207-40F8-B937-2C82419E9868}"
EndProject
Project("{8BC9CEB8-8B4A-11D0-8D11-00A0C91BC942}") = "21号1题", "Project24\Project24.vcxproj", "{D200CED5-34D1-48FD-B05D-98C0C512B3BE}"
EndProject
Project("{8BC9CEB8-8B4A-11D0-8D11-00A0C91BC942}") = "21号2题", "Project25\Project25.vcxproj", "{77F2075C-D6D8-4D57-8CB2-866A1623C497}"
EndProject
Global
	GlobalSection(SolutionConfigurationPlatforms) = preSolution
		Debug|x64 = Debug|x64
		Debug|x86 = Debug|x86
		Release|x64 = Release|x64
		Release|x86 = Release|x86
	EndGlobalSection
	GlobalSection(ProjectConfigurationPlatforms) = postSolution
		{01FC08B6-77D6-48AC-A406-E336AEDF2B51}.Debug|x64.ActiveCfg = Debug|x64
		{01FC08B6-77D6-48AC-A406-E336AEDF2B51}.Debug|x64.Build.0 = Debug|x64
		{01FC08B6-77D6-48AC-A406-E336AEDF2B51}.Debug|x86.ActiveCfg = Debug|Win32
		{01FC08B6-77D6-48AC-A406-E336AEDF2B51}.Debug|x86.Build.0 = Debug|Win32
		{01FC08B6-77D6-48AC-A406-E336AEDF2B51}.Release|x64.ActiveCfg = Release|x64
		{01FC08B6-77D6-48AC-A406-E336AEDF2B51}.Release|x64.Build.0 = Release|x64
		{01FC08B6-77D6-48AC-A406-E336AEDF2B51}.Release|x86.ActiveCfg = Release|Win32
		{01FC08B6-77D6-48AC-A406-E336AEDF2B51}.Release|x86.Build.0 = Release|Win32
		{693FD4C3-1E36-45A4-AD98-D434B59DC4A1}.Debug|x64.ActiveCfg = Debug|x64
		{693FD4C3-1E36-45A4-AD98-D434B59DC4A1}.Debug|x64.Build.0 = Debug|x64
		{693FD4C3-1E36-45A4-AD98-D434B59DC4A1}.Debug|x86.ActiveCfg = Debug|Win32
		{693FD4C3-1E36-45A4-AD98-D434B59DC4A1}.Debug|x86.Build.0 = Debug|Win32
		{693FD4C3-1E36-45A4-AD98-D434B59DC4A1}.Release|x64.ActiveCfg = Release|x64
		{693FD4C3-1E36-45A4-AD98-D434B59DC4A1}.Release|x64.Build.0 = Release|x64
		{693FD4C3-1E36-45A4-AD98-D434B59DC4A1}.Release|x86.ActiveCfg = Release|Win32
		{693FD4C3-1E36-45A4-AD98-D434B59DC4A1}.Release|x86.Build.0 = Release|Win32
		{A3A4C657-CD60-4291-B8EB-E8EE242DFE24}.Debug|x64.ActiveCfg = Debug|x64
		{A3A4C657-CD60-4291-B8EB-E8EE242DFE24}.Debug|x64.Build.0 = Debug|x64
		{A3A4C657-CD60-4291-B8EB-E8EE242DFE24}.Debug|x86.ActiveCfg = Debug|Win32
		{A3A4C657-CD60-4291-B8EB-E8EE242DFE24}.Debug|x86.Build.0 = Debug|Win32
		{A3A4C657-CD60-4291-B8EB-E8EE242DFE24}.Release|x64.ActiveCfg = Release|x64
		{A3A4C657-CD60-4291-B8EB-E8EE242DFE24}.Release|x64.Build.0 = Release|x64
		{A3A4C657-CD60-4291-B8EB-E8EE242DFE24}.Release|x86.ActiveCfg = Release|Win32
		{A3A4C657-CD60-4291-B8EB-E8EE242DFE24}.Release|x86.Build.0 = Release|Win32
		{4A667237-31A6-4927-A516-D8E5E3507D52}.Debug|x64.ActiveCfg = Debug|x64
		{4A667237-31A6-4927-A516-D8E5E3507D52}.Debug|x64.Build.0 = Debug|x64
		{4A667237-31A6-4927-A516-D8E5E3507D52}.Debug|x86.ActiveCfg = Debug|Win32
		{4A667237-31A6-4927-A516-D8E5E3507D52}.Debug|x86.Build.0 = Debug|Win32
		{4A667237-31A6-4927-A516-D8E5E3507D52}.Release|x64.ActiveCfg = Release|x64
		{4A667237-31A6-4927-A516-D8E5E3507D52}.Release|x64.Build.0 = Release|x64
		{4A667237-31A6-4927-A516-D8E5E3507D52}.Release|x86.ActiveCfg = Release|Win32
		{4A667237-31A6-4927-A516-D8E5E3507D52}.Release|x86.Build.0 = Release|Win32
		{DD99AFE5-B20F-4714-9171-C75FECB51C92}.Debug|x64.ActiveCfg = Debug|x64
		{DD99AFE5-B20F-4714-9171-C75FECB51C92}.Debug|x64.Build.0 = Debug|x64
		{DD99AFE5-B20F-4714-9171-C75FECB51C92}.Debug|x86.ActiveCfg = Debug|Win32
		{DD99AFE5-B20F-4714-9171-C75FECB51C92}.Debug|x86.Build.0 = Debug|Win32
		{DD99AFE5-B20F-4714-9171-C75FECB51C92}.Release|x64.ActiveCfg = Release|x64
		{DD99AFE5-B20F-4714-9171-C75FECB51C92}.Release|x64.Build.0 = Release|x64
		{DD99AFE5-B20F-4714-9171-C75FECB51C92}.Release|x86.ActiveCfg = Release|Win32
		{DD99AFE5-B20F-4714-9171-C75FECB51C92}.Release|x86.Build.0 = Release|Win32
		{A02D979F-462D-491F-AFC9-4E17F6A91F10}.Debug|x64.ActiveCfg = Debug|x64
		{A02D979F-462D-491F-AFC9-4E17F6A91F10}.Debug|x64.Build.0 = Debug|x64
		{A02D979F-462D-491F-AFC9-4E17F6A91F10}.Debug|x86.ActiveCfg = Debug|Win32
		{A02D979F-462D-491F-AFC9-4E17F6A91F10}.Debug|x86.Build.0 = Debug|Win32
		{A02D979F-462D-491F-AFC9-4E17F6A91F10}.Release|x64.ActiveCfg = Release|x64
		{A02D979F-462D-491F-AFC9-4E17F6A91F10}.Release|x64.Build.0 = Release|x64
		{A02D979F-462D-491F-AFC9-4E17F6A91F10}.Release|x86.ActiveCfg = Release|Win32
		{A02D979F-462D-491F-AFC9-4E17F6A91F10}.Release|x86.Build.0 = Release|Win32
		{A49151B2-7463-4DA2-85ED-D8D338BEA1C5}.Debug|x64.ActiveCfg = Debug|x64
		{A49151B2-7463-4DA2-85ED-D8D338BEA1C5}.Debug|x64.Build.0 = Debug|x64
		{A49151B2-7463-4DA2-85ED-D8D338BEA1C5}.Debug|x86.ActiveCfg = Debug|Win32
		{A49151B2-7463-4DA2-85ED-D8D338BEA1C5}.Debug|x86.Build.0 = Debug|Win32
		{A49151B2-7463-4DA2-85ED-D8D338BEA1C5}.Release|x64.ActiveCfg = Release|x64
		{A49151B2-7463-4DA2-85ED-D8D338BEA1C5}.Release|x64.Build.0 = Release|x64
		{A49151B2-7463-4DA2-85ED-D8D338BEA1C5}.Release|x86.ActiveCfg = Release|Win32
		{A49151B2-7463-4DA2-85ED-D8D338BEA1C5}.Release|x86.Build.0 = Release|Win32
		{BA6D4AB8-C464-4569-AD8C-B12216CB84BF}.Debug|x64.ActiveCfg = Debug|x64
		{BA6D4AB8-C464-4569-AD8C-B12216CB84BF}.Debug|x64.Build.0 = Debug|x64
		{BA6D4AB8-C464-4569-AD8C-B12216CB84BF}.Debug|x86.ActiveCfg = Debug|Win32
		{BA6D4AB8-C464-4569-AD8C-B12216CB84BF}.Debug|x86.Build.0 = Debug|Win32
		{BA6D4AB8-C464-4569-AD8C-B12216CB84BF}.Release|x64.ActiveCfg = Release|x64
		{BA6D4AB8-C464-4569-AD8C-B12216CB84BF}.Release|x64.Build.0 = Release|x64
		{BA6D4AB8-C464-4569-AD8C-B12216CB84BF}.Release|x86.ActiveCfg = Release|Win32
		{BA6D4AB8-C464-4569-AD8C-B12216CB84BF}.Release|x86.Build.0 = Release|Win32
		{F46B7FAB-72DF-4A8D-8E14-A9F4C5E85F15}.Debug|x64.ActiveCfg = Debug|x64
		{F46B7FAB-72DF-4A8D-8E14-A9F4C5E85F15}.Debug|x64.Build.0 = Debug|x64
		{F46B7FAB-72DF-4A8D-8E14-A9F4C5E85F15}.Debug|x86.ActiveCfg = Debug|Win32
		{F46B7FAB-72DF-4A8D-8E14-A9F4C5E85F15}.Debug|x86.Build.0 = Debug|Win32
		{F46B7FAB-72DF-4A8D-8E14-A9F4C5E85F15}.Release|x64.ActiveCfg = Release|x64
		{F46B7FAB-72DF-4A8D-8E14-A9F4C5E85F15}.Release|x64.Build.0 = Release|x64
		{F46B7FAB-72DF-4A8D-8E14-A9F4C5E85F15}.Release|x86.ActiveCfg = Release|Win32
		{F46B7FAB-72DF-4A8D-8E14-A9F4C5E85F15}.Release|x86.Build.0 = Release|Win32
		{5644D9E6-5EC9-4872-A5F7-D4DCF74C964B}.Debug|x64.ActiveCfg = Debug|x64
		{5644D9E6-5EC9-4872-A5F7-D4DCF74C964B}.Debug|x64.Build.0 = Debug|x64
		{5644D9E6-5EC9-4872-A5F7-D4DCF74C964B}.Debug|x86.ActiveCfg = Debug|Win32
		{5644D9E6-5EC9-4872-A5F7-D4DCF74C964B}.Debug|x86.Build.0 = Debug|Win32
		{5644D9E6-5EC9-4872-A5F7-D4DCF74C964B}.Release|x64.ActiveCfg = Release|x64
		{5644D9E6-5EC9-4872-A5F7-D4DCF74C964B}.Release|x64.Build.0 = Release|x64
		{5644D9E6-5EC9-4872-A5F7-D4DCF74C964B}.Release|x86.ActiveCfg = Release|Win32
		{5644D9E6-5EC9-4872-A5F7-D4DCF74C964B}.Release|x86.Build.0 = Release|Win32
		{444E29DA-0B5A-4F1D-A44D-57557874933B}.Debug|x64.ActiveCfg = Debug|x64
		{444E29DA-0B5A-4F1D-A44D-57557874933B}.Debug|x64.Build.0 = Debug|x64
		{444E29DA-0B5A-4F1D-A44D-57557874933B}.Debug|x86.ActiveCfg = Debug|Win32
		{444E29DA-0B5A-4F1D-A44D-57557874933B}.Debug|x86.Build.0 = Debug|Win32
		{444E29DA-0B5A-4F1D-A44D-57557874933B}.Release|x64.ActiveCfg = Release|x64
		{444E29DA-0B5A-4F1D-A44D-57557874933B}.Release|x64.Build.0 = Release|x64
		{444E29DA-0B5A-4F1D-A44D-57557874933B}.Release|x86.ActiveCfg = Release|Win32
		{444E29DA-0B5A-4F1D-A44D-57557874933B}.Release|x86.Build.0 = Release|Win32
		{23F19908-1647-4C29-9791-59B76BE1242B}.Debug|x64.ActiveCfg = Debug|x64
		{23F19908-1647-4C29-9791-59B76BE1242B}.Debug|x64.Build.0 = Debug|x64
		{23F19908-1647-4C29-9791-59B76BE1242B}.Debug|x86.ActiveCfg = Debug|Win32
		{23F19908-1647-4C29-9791-59B76BE1242B}.Debug|x86.Build.0 = Debug|Win32
		{23F19908-1647-4C29-9791-59B76BE1242B}.Release|x64.ActiveCfg = Release|x64
		{23F19908-1647-4C29-9791-59B76BE1242B}.Release|x64.Build.0 = Release|x64
		{23F19908-1647-4C29-9791-59B76BE1242B}.Release|x86.ActiveCfg = Release|Win32
		{23F19908-1647-4C29-9791-59B76BE1242B}.Release|x86.Build.0 = Release|Win32
		{09721DA7-D8F9-45F2-8B4E-89CBF32B3B79}.Debug|x64.ActiveCfg = Debug|x64
		{09721DA7-D8F9-45F2-8B4E-89CBF32B3B79}.Debug|x64.Build.0 = Debug|x64
		{09721DA7-D8F9-45F2-8B4E-89CBF32B3B79}.Debug|x86.ActiveCfg = Debug|Win32
		{09721DA7-D8F9-45F2-8B4E-89CBF32B3B79}.Debug|x86.Build.0 = Debug|Win32
		{09721DA7-D8F9-45F2-8B4E-89CBF32B3B79}.Release|x64.ActiveCfg = Release|x64
		{09721DA7-D8F9-45F2-8B4E-89CBF32B3B79}.Release|x64.Build.0 = Release|x64
		{09721DA7-D8F9-45F2-8B4E-89CBF32B3B79}.Release|x86.ActiveCfg = Release|Win32
		{09721DA7-D8F9-45F2-8B4E-89CBF32B3B79}.Release|x86.Build.0 = Release|Win32
		{AD3D3CD1-E553-406A-88FD-DA1E7BEA7024}.Debug|x64.ActiveCfg = Debug|x64
		{AD3D3CD1-E553-406A-88FD-DA1E7BEA7024}.Debug|x64.Build.0 = Debug|x64
		{AD3D3CD1-E553-406A-88FD-DA1E7BEA7024}.Debug|x86.ActiveCfg = Debug|Win32
		{AD3D3CD1-E553-406A-88FD-DA1E7BEA7024}.Debug|x86.Build.0 = Debug|Win32
		{AD3D3CD1-E553-406A-88FD-DA1E7BEA7024}.Release|x64.ActiveCfg = Release|x64
		{AD3D3CD1-E553-406A-88FD-DA1E7BEA7024}.Release|x64.Build.0 = Release|x64
		{AD3D3CD1-E553-406A-88FD-DA1E7BEA7024}.Release|x86.ActiveCfg = Release|Win32
		{AD3D3CD1-E553-406A-88FD-DA1E7BEA7024}.Release|x86.Build.0 = Release|Win32
		{AD62E22A-0253-4C76-B9C9-D1F74999B08D}.Debug|x64.ActiveCfg = Debug|x64
		{AD62E22A-0253-4C76-B9C9-D1F74999B08D}.Debug|x64.Build.0 = Debug|x64
		{AD62E22A-0253-4C76-B9C9-D1F74999B08D}.Debug|x86.ActiveCfg = Debug|Win32
		{AD62E22A-0253-4C76-B9C9-D1F74999B08D}.Debug|x86.Build.0 = Debug|Win32
		{AD62E22A-0253-4C76-B9C9-D1F74999B08D}.Release|x64.ActiveCfg = Release|x64
		{AD62E22A-0253-4C76-B9C9-D1F74999B08D}.Release|x64.Build.0 = Release|x64
		{AD62E22A-0253-4C76-B9C9-D1F74999B08D}.Release|x86.ActiveCfg = Release|Win32
		{AD62E22A-0253-4C76-B9C9-D1F74999B08D}.Release|x86.Build.0 = Release|Win32
		{EA1F9235-052C-4C5C-BF3B-ACA4CE2CE261}.Debug|x64.ActiveCfg = Debug|x64
		{EA1F9235-052C-4C5C-BF3B-ACA4CE2CE261}.Debug|x64.Build.0 = Debug|x64
		{EA1F9235-052C-4C5C-BF3B-ACA4CE2CE261}.Debug|x86.ActiveCfg = Debug|Win32
		{EA1F9235-052C-4C5C-BF3B-ACA4CE2CE261}.Debug|x86.Build.0 = Debug|Win32
		{EA1F9235-052C-4C5C-BF3B-ACA4CE2CE261}.Release|x64.ActiveCfg = Release|x64
		{EA1F9235-052C-4C5C-BF3B-ACA4CE2CE261}.Release|x64.Build.0 = Release|x64
		{EA1F9235-052C-4C5C-BF3B-ACA4CE2CE261}.Release|x86.ActiveCfg = Release|Win32
		{EA1F9235-052C-4C5C-BF3B-ACA4CE2CE261}.Release|x86.Build.0 = Release|Win32
		{19581DBB-44AA-4F89-9CBC-BC25C64713FD}.Debug|x64.ActiveCfg = Debug|x64
		{19581DBB-44AA-4F89-9CBC-BC25C64713FD}.Debug|x64.Build.0 = Debug|x64
		{19581DBB-44AA-4F89-9CBC-BC25C64713FD}.Debug|x86.ActiveCfg = Debug|Win32
		{19581DBB-44AA-4F89-9CBC-BC25C64713FD}.Debug|x86.Build.0 = Debug|Win32
		{19581DBB-44AA-4F89-9CBC-BC25C64713FD}.Release|x64.ActiveCfg = Release|x64
		{19581DBB-44AA-4F89-9CBC-BC25C64713FD}.Release|x64.Build.0 = Release|x64
		{19581DBB-44AA-4F89-9CBC-BC25C64713FD}.Release|x86.ActiveCfg = Release|Win32
		{19581DBB-44AA-4F89-9CBC-BC25C64713FD}.Release|x86.Build.0 = Release|Win32
		{0838A345-0E50-4FD6-BBD9-DEC87EF39A8F}.Debug|x64.ActiveCfg = Debug|x64
		{0838A345-0E50-4FD6-BBD9-DEC87EF39A8F}.Debug|x64.Build.0 = Debug|x64
		{0838A345-0E50-4FD6-BBD9-DEC87EF39A8F}.Debug|x86.ActiveCfg = Debug|Win32
		{0838A345-0E50-4FD6-BBD9-DEC87EF39A8F}.Debug|x86.Build.0 = Debug|Win32
		{0838A345-0E50-4FD6-BBD9-DEC87EF39A8F}.Release|x64.ActiveCfg = Release|x64
		{0838A345-0E50-4FD6-BBD9-DEC87EF39A8F}.Release|x64.Build.0 = Release|x64
		{0838A345-0E50-4FD6-BBD9-DEC87EF39A8F}.Release|x86.ActiveCfg = Release|Win32
		{0838A345-0E50-4FD6-BBD9-DEC87EF39A8F}.Release|x86.Build.0 = Release|Win32
		{BB16F861-D180-4FC0-ABF6-CFF0B632D319}.Debug|x64.ActiveCfg = Debug|x64
		{BB16F861-D180-4FC0-ABF6-CFF0B632D319}.Debug|x64.Build.0 = Debug|x64
		{BB16F861-D180-4FC0-ABF6-CFF0B632D319}.Debug|x86.ActiveCfg = Debug|Win32
		{BB16F861-D180-4FC0-ABF6-CFF0B632D319}.Debug|x86.Build.0 = Debug|Win32
		{BB16F861-D180-4FC0-ABF6-CFF0B632D319}.Release|x64.ActiveCfg = Release|x64
		{BB16F861-D180-4FC0-ABF6-CFF0B632D319}.Release|x64.Build.0 = Release|x64
		{BB16F861-D180-4FC0-ABF6-CFF0B632D319}.Release|x86.ActiveCfg = Release|Win32
		{BB16F861-D180-4FC0-ABF6-CFF0B632D319}.Release|x86.Build.0 = Release|Win32
		{63135282-22F4-4BCF-A2B3-C3858272C56A}.Debug|x64.ActiveCfg = Debug|x64
		{63135282-22F4-4BCF-A2B3-C3858272C56A}.Debug|x64.Build.0 = Debug|x64
		{63135282-22F4-4BCF-A2B3-C3858272C56A}.Debug|x86.ActiveCfg = Debug|Win32
		{63135282-22F4-4BCF-A2B3-C3858272C56A}.Debug|x86.Build.0 = Debug|Win32
		{63135282-22F4-4BCF-A2B3-C3858272C56A}.Release|x64.ActiveCfg = Release|x64
		{63135282-22F4-4BCF-A2B3-C3858272C56A}.Release|x64.Build.0 = Release|x64
		{63135282-22F4-4BCF-A2B3-C3858272C56A}.Release|x86.ActiveCfg = Release|Win32
		{63135282-22F4-4BCF-A2B3-C3858272C56A}.Release|x86.Build.0 = Release|Win32
		{ED732A97-F080-40D3-B696-894FCFAFFDBC}.Debug|x64.ActiveCfg = Debug|x64
		{ED732A97-F080-40D3-B696-894FCFAFFDBC}.Debug|x64.Build.0 = Debug|x64
		{ED732A97-F080-40D3-B696-894FCFAFFDBC}.Debug|x86.ActiveCfg = Debug|Win32
		{ED732A97-F080-40D3-B696-894FCFAFFDBC}.Debug|x86.Build.0 = Debug|Win32
		{ED732A97-F080-40D3-B696-894FCFAFFDBC}.Release|x64.ActiveCfg = Release|x64
		{ED732A97-F080-40D3-B696-894FCFAFFDBC}.Release|x64.Build.0 = Release|x64
		{ED732A97-F080-40D3-B696-894FCFAFFDBC}.Release|x86.ActiveCfg = Release|Win32
		{ED732A97-F080-40D3-B696-894FCFAFFDBC}.Release|x86.Build.0 = Release|Win32
		{B0EF75D9-A48F-4227-AB2F-62EB2FD2D62E}.Debug|x64.ActiveCfg = Debug|x64
		{B0EF75D9-A48F-4227-AB2F-62EB2FD2D62E}.Debug|x64.Build.0 = Debug|x64
		{B0EF75D9-A48F-4227-AB2F-62EB2FD2D62E}.Debug|x86.ActiveCfg = Debug|Win32
		{B0EF75D9-A48F-4227-AB2F-62EB2FD2D62E}.Debug|x86.Build.0 = Debug|Win32
		{B0EF75D9-A48F-4227-AB2F-62EB2FD2D62E}.Release|x64.ActiveCfg = Release|x64
		{B0EF75D9-A48F-4227-AB2F-62EB2FD2D62E}.Release|x64.Build.0 = Release|x64
		{B0EF75D9-A48F-4227-AB2F-62EB2FD2D62E}.Release|x86.ActiveCfg = Release|Win32
		{B0EF75D9-A48F-4227-AB2F-62EB2FD2D62E}.Release|x86.Build.0 = Release|Win32
		{A3F54448-A207-40F8-B937-2C82419E9868}.Debug|x64.ActiveCfg = Debug|x64
		{A3F54448-A207-40F8-B937-2C82419E9868}.Debug|x64.Build.0 = Debug|x64
		{A3F54448-A207-40F8-B937-2C82419E9868}.Debug|x86.ActiveCfg = Debug|Win32
		{A3F54448-A207-40F8-B937-2C82419E9868}.Debug|x86.Build.0 = Debug|Win32
		{A3F54448-A207-40F8-B937-2C82419E9868}.Release|x64.ActiveCfg = Release|x64
		{A3F54448-A207-40F8-B937-2C82419E9868}.Release|x64.Build.0 = Release|x64
		{A3F54448-A207-40F8-B937-2C82419E9868}.Release|x86.ActiveCfg = Release|Win32
		{A3F54448-A207-40F8-B937-2C82419E9868}.Release|x86.Build.0 = Release|Win32
		{D200CED5-34D1-48FD-B05D-98C0C512B3BE}.Debug|x64.ActiveCfg = Debug|x64
		{D200CED5-34D1-48FD-B05D-98C0C512B3BE}.Debug|x64.Build.0 = Debug|x64
		{D200CED5-34D1-48FD-B05D-98C0C512B3BE}.Debug|x86.ActiveCfg = Debug|Win32
		{D200CED5-34D1-48FD-B05D-98C0C512B3BE}.Debug|x86.Build.0 = Debug|Win32
		{D200CED5-34D1-48FD-B05D-98C0C512B3BE}.Release|x64.ActiveCfg = Release|x64
		{D200CED5-34D1-48FD-B05D-98C0C512B3BE}.Release|x64.Build.0 = Release|x64
		{D200CED5-34D1-48FD-B05D-98C0C512B3BE}.Release|x86.ActiveCfg = Release|Win32
		{D200CED5-34D1-48FD-B05D-98C0C512B3BE}.Release|x86.Build.0 = Release|Win32
		{77F2075C-D6D8-4D57-8CB2-866A1623C497}.Debug|x64.ActiveCfg = Debug|x64
		{77F2075C-D6D8-4D57-8CB2-866A1623C497}.Debug|x64.Build.0 = Debug|x64
		{77F2075C-D6D8-4D57-8CB2-866A1623C497}.Debug|x86.ActiveCfg = Debug|Win32
		{77F2075C-D6D8-4D57-8CB2-866A1623C497}.Debug|x86.Build.0 = Debug|Win32
		{77F2075C-D6D8-4D57-8CB2-866A1623C497}.Release|x64.ActiveCfg = Release|x64
		{77F2075C-D6D8-4D57-8CB2-866A1623C497}.Release|x64.Build.0 = Release|x64
		{77F2075C-D6D8-4D57-8CB2-866A1623C497}.Release|x86.ActiveCfg = Release|Win32
		{77F2075C-D6D8-4D57-8CB2-866A1623C497}.Release|x86.Build.0 = Release|Win32
	EndGlobalSection
	GlobalSection(SolutionProperties) = preSolution
		HideSolutionNode = FALSE
	EndGlobalSection
EndGlobal
